// !$*UTF8*$!
{
	archiveVersion = 1;
	classes = {
	};
	objectVersion = 56;
	objects = {

/* Begin PBXGroup section */
		CCA1BE0E29F6AD0A00E45CD4 = {
			isa = PBXGroup;
			children = (
			);
			sourceTree = "<group>";
		};
/* End PBXGroup section */

/* Begin PBXProject section */
		CCA1BE0F29F6AD0A00E45CD4 /* Project object */ = {
			isa = PBXProject;
			attributes = {
				BuildIndependentTargetsInParallel = 1;
				LastUpgradeCheck = 1430;
			};
			buildConfigurationList = CCA1BE1229F6AD0A00E45CD4 /* Build configuration list for PBXProject "UnexposedCredencials" */;
			compatibilityVersion = "Xcode 14.0";
			developmentRegion = en;
			hasScannedForEncodings = 0;
			knownRegions = (
				en,
				Base,
			);
			mainGroup = CCA1BE0E29F6AD0A00E45CD4;
			projectDirPath = "";
			projectRoot = "";
			targets = (
			);
		};
/* End PBXProject section */

/* Begin XCBuildConfiguration section */
		CCA1BE1329F6AD0A00E45CD4 /* Debug */ = {
			isa = XCBuildConfiguration;
			buildSettings = {
			};
			name = Debug;
		};
		CCA1BE1429F6AD0A00E45CD4 /* Release */ = {
			isa = XCBuildConfiguration;
			buildSettings = {
			};
			name = Release;
		};
/* End XCBuildConfiguration section */

/* Begin XCConfigurationList section */
		CCA1BE1229F6AD0A00E45CD4 /* Build configuration list for PBXProject "UnexposedCredencials" */ = {
			isa = XCConfigurationList;
			buildConfigurations = (
				CCA1BE1329F6AD0A00E45CD4 /* Debug */,
				CCA1BE1429F6AD0A00E45CD4 /* Release */,
			);
			defaultConfigurationIsVisible = 0;
			defaultConfigurationName = Release;
		};
/* End XCConfigurationList section */
	};
	rootObject = CCA1BE0F29F6AD0A00E45CD4 /* Project object */;
}
